// !$*UTF8*$!
{
	archiveVersion = 1;
	classes = {
	};
	objectVersion = 46;
	objects = {

/* Begin PBXBuildFile section */
		DC59EB4C24069E7E00426CB5 /* Default-568h@2x.png in Resources */ = {isa = PBXBuildFile; fileRef = DC59EB4B24069E7E00426CB5 /* Default-568h@2x.png */; };
		DC59EB6624069F2300426CB5 /* LaunchScreen.xib in Resources */ = {isa = PBXBuildFile; fileRef = DC59EB5624069F2300426CB5 /* LaunchScreen.xib */; };
		DC59EB6724069F2300426CB5 /* Main.storyboard in Resources */ = {isa = PBXBuildFile; fileRef = DC59EB5824069F2300426CB5 /* Main.storyboard */; };
		DC59EB6824069F2300426CB5 /* ViewController.m in Sources */ = {isa = PBXBuildFile; fileRef = DC59EB5C24069F2300426CB5 /* ViewController.m */; };
		DC59EB6B24069F2300426CB5 /* Images.xcassets in Resources */ = {isa = PBXBuildFile; fileRef = DC59EB6124069F2300426CB5 /* Images.xcassets */; };
		DC59EB6C24069F2300426CB5 /* AppDelegate.m in Sources */ = {isa = PBXBuildFile; fileRef = DC59EB6224069F2300426CB5 /* AppDelegate.m */; };
		DC59EB6D24069F2300426CB5 /* RadialMenu.m in Sources */ = {isa = PBXBuildFile; fileRef = DC59EB6524069F2300426CB5 /* RadialMenu.m */; };
		DCE5561B2406A31800500CE7 /* main.m in Sources */ = {isa = PBXBuildFile; fileRef = DCE556192406A31800500CE7 /* main.m */; };
/* End PBXBuildFile section */

/* Begin PBXFileReference section */
		DC59EB4B24069E7E00426CB5 /* Default-568h@2x.png */ = {isa = PBXFileReference; lastKnownFileType = image.png; path = "Default-568h@2x.png"; sourceTree = "<group>"; };
		DC59EB5524069F2300426CB5 /* AppDelegate.h */ = {isa = PBXFileReference; fileEncoding = 4; lastKnownFileType = sourcecode.c.h; path = AppDelegate.h; sourceTree = "<group>"; };
		DC59EB5724069F2300426CB5 /* Base */ = {isa = PBXFileReference; lastKnownFileType = file.xib; name = Base; path = Base.lproj/LaunchScreen.xib; sourceTree = "<group>"; };
		DC59EB5924069F2300426CB5 /* Base */ = {isa = PBXFileReference; lastKnownFileType = file.storyboard; name = Base; path = Base.lproj/Main.storyboard; sourceTree = "<group>"; };
		DC59EB5C24069F2300426CB5 /* ViewController.m */ = {isa = PBXFileReference; fileEncoding = 4; lastKnownFileType = sourcecode.c.objc; path = ViewController.m; sourceTree = "<group>"; };
		DC59EB5D24069F2300426CB5 /* ViewController.h */ = {isa = PBXFileReference; fileEncoding = 4; lastKnownFileType = sourcecode.c.h; path = ViewController.h; sourceTree = "<group>"; };
		DC59EB6124069F2300426CB5 /* Images.xcassets */ = {isa = PBXFileReference; lastKnownFileType = folder.assetcatalog; path = Images.xcassets; sourceTree = "<group>"; };
		DC59EB6224069F2300426CB5 /* AppDelegate.m */ = {isa = PBXFileReference; fileEncoding = 4; lastKnownFileType = sourcecode.c.objc; path = AppDelegate.m; sourceTree = "<group>"; };
		DC59EB6424069F2300426CB5 /* RadialMenu.h */ = {isa = PBXFileReference; fileEncoding = 4; lastKnownFileType = sourcecode.c.h; path = RadialMenu.h; sourceTree = "<group>"; };
		DC59EB6524069F2300426CB5 /* RadialMenu.m */ = {isa = PBXFileReference; fileEncoding = 4; lastKnownFileType = sourcecode.c.objc; path = RadialMenu.m; sourceTree = "<group>"; };
		DCC67EBA1B38A61D002E37DB /* Radial Menu.app */ = {isa = PBXFileReference; explicitFileType = wrapper.application; includeInIndex = 0; path = "Radial Menu.app"; sourceTree = BUILT_PRODUCTS_DIR; };
		DCE556192406A31800500CE7 /* main.m */ = {isa = PBXFileReference; fileEncoding = 4; lastKnownFileType = sourcecode.c.objc; path = main.m; sourceTree = "<group>"; };
/* End PBXFileReference section */

/* Begin PBXFrameworksBuildPhase section */
		DCC67EB71B38A61D002E37DB /* Frameworks */ = {
			isa = PBXFrameworksBuildPhase;
			buildActionMask = 2147483647;
			files = (
			);
			runOnlyForDeploymentPostprocessing = 0;
		};
/* End PBXFrameworksBuildPhase section */

/* Begin PBXGroup section */
		DC59EB5424069F2300426CB5 /* RadialMenu */ = {
			isa = PBXGroup;
			children = (
				DC59EB5524069F2300426CB5 /* AppDelegate.h */,
				DC59EB6224069F2300426CB5 /* AppDelegate.m */,
				DC59EB6424069F2300426CB5 /* RadialMenu.h */,
				DC59EB6524069F2300426CB5 /* RadialMenu.m */,
				DC59EB5D24069F2300426CB5 /* ViewController.h */,
				DC59EB5C24069F2300426CB5 /* ViewController.m */,
				DC59EB5824069F2300426CB5 /* Main.storyboard */,
				DC59EB5624069F2300426CB5 /* LaunchScreen.xib */,
				DC59EB4B24069E7E00426CB5 /* Default-568h@2x.png */,
				DC59EB6124069F2300426CB5 /* Images.xcassets */,
				DCE556182406A31800500CE7 /* Supporting Files */,
			);
			path = RadialMenu;
			sourceTree = "<group>";
		};
		DCC67EB11B38A61D002E37DB = {
			isa = PBXGroup;
			children = (
				DC59EB5424069F2300426CB5 /* RadialMenu */,
				DCC67EBB1B38A61D002E37DB /* Products */,
			);
			sourceTree = "<group>";
		};
		DCC67EBB1B38A61D002E37DB /* Products */ = {
			isa = PBXGroup;
			children = (
				DCC67EBA1B38A61D002E37DB /* Radial Menu.app */,
			);
			name = Products;
			sourceTree = "<group>";
		};
		DCE556182406A31800500CE7 /* Supporting Files */ = {
			isa = PBXGroup;
			children = (
				DCE556192406A31800500CE7 /* main.m */,
			);
			path = "Supporting Files";
			sourceTree = "<group>";
		};
/* End PBXGroup section */

/* Begin PBXNativeTarget section */
		DCC67EB91B38A61D002E37DB /* RadialMenu */ = {
			isa = PBXNativeTarget;
			buildConfigurationList = DCC67EDD1B38A61D002E37DB /* Build configuration list for PBXNativeTarget "RadialMenu" */;
			buildPhases = (
				DCC67EB61B38A61D002E37DB /* Sources */,
				DCC67EB71B38A61D002E37DB /* Frameworks */,
				DCC67EB81B38A61D002E37DB /* Resources */,
			);
			buildRules = (
			);
			dependencies = (
			);
			name = RadialMenu;
			productName = Thirteen23RadialMenu;
			productReference = DCC67EBA1B38A61D002E37DB /* Radial Menu.app */;
			productType = "com.apple.product-type.application";
		};
/* End PBXNativeTarget section */

/* Begin PBXProject section */
		DCC67EB21B38A61D002E37DB /* Project object */ = {
			isa = PBXProject;
			attributes = {
				LastUpgradeCheck = 1130;
				ORGANIZATIONNAME = "Brian Sinnicke";
				TargetAttributes = {
					DCC67EB91B38A61D002E37DB = {
						CreatedOnToolsVersion = 6.3.2;
					};
				};
			};
			buildConfigurationList = DCC67EB51B38A61D002E37DB /* Build configuration list for PBXProject "RadialMenu" */;
			compatibilityVersion = "Xcode 3.2";
			developmentRegion = en;
			hasScannedForEncodings = 0;
			knownRegions = (
				en,
				Base,
			);
			mainGroup = DCC67EB11B38A61D002E37DB;
			productRefGroup = DCC67EBB1B38A61D002E37DB /* Products */;
			projectDirPath = "";
			projectRoot = "";
			targets = (
				DCC67EB91B38A61D002E37DB /* RadialMenu */,
			);
		};
/* End PBXProject section */

/* Begin PBXResourcesBuildPhase section */
		DCC67EB81B38A61D002E37DB /* Resources */ = {
			isa = PBXResourcesBuildPhase;
			buildActionMask = 2147483647;
			files = (
				DC59EB6B24069F2300426CB5 /* Images.xcassets in Resources */,
				DC59EB6724069F2300426CB5 /* Main.storyboard in Resources */,
				DC59EB6624069F2300426CB5 /* LaunchScreen.xib in Resources */,
				DC59EB4C24069E7E00426CB5 /* Default-568h@2x.png in Resources */,
			);
			runOnlyForDeploymentPostprocessing = 0;
		};
/* End PBXResourcesBuildPhase section */

/* Begin PBXSourcesBuildPhase section */
		DCC67EB61B38A61D002E37DB /* Sources */ = {
			isa = PBXSourcesBuildPhase;
			buildActionMask = 2147483647;
			files = (
				DC59EB6D24069F2300426CB5 /* RadialMenu.m in Sources */,
				DC59EB6824069F2300426CB5 /* ViewController.m in Sources */,
				DCE5561B2406A31800500CE7 /* main.m in Sources */,
				DC59EB6C24069F2300426CB5 /* AppDelegate.m in Sources */,
			);
			runOnlyForDeploymentPostprocessing = 0;
		};
/* End PBXSourcesBuildPhase section */

/* Begin PBXVariantGroup section */
		DC59EB5624069F2300426CB5 /* LaunchScreen.xib */ = {
			isa = PBXVariantGroup;
			children = (
				DC59EB5724069F2300426CB5 /* Base */,
			);
			name = LaunchScreen.xib;
			sourceTree = "<group>";
		};
		DC59EB5824069F2300426CB5 /* Main.storyboard */ = {
			isa = PBXVariantGroup;
			children = (
				DC59EB5924069F2300426CB5 /* Base */,
			);
			name = Main.storyboard;
			sourceTree = "<group>";
		};
/* End PBXVariantGroup section */

/* Begin XCBuildConfiguration section */
		DCC67EDB1B38A61D002E37DB /* Debug */ = {
			isa = XCBuildConfiguration;
			buildSettings = {
				ALWAYS_SEARCH_USER_PATHS = NO;
				CLANG_CXX_LANGUAGE_STANDARD = "gnu++0x";
				CLANG_CXX_LIBRARY = "libc++";
				CLANG_ENABLE_MODULES = YES;
				CLANG_ENABLE_OBJC_ARC = YES;
				CLANG_WARN_BLOCK_CAPTURE_AUTORELEASING = YES;
				CLANG_WARN_BOOL_CONVERSION = YES;
				CLANG_WARN_COMMA = YES;
				CLANG_WARN_CONSTANT_CONVERSION = YES;
				CLANG_WARN_DEPRECATED_OBJC_IMPLEMENTATIONS = YES;
				CLANG_WARN_DIRECT_OBJC_ISA_USAGE = YES_ERROR;
				CLANG_WARN_EMPTY_BODY = YES;
				CLANG_WARN_ENUM_CONVERSION = YES;
				CLANG_WARN_INFINITE_RECURSION = YES;
				CLANG_WARN_INT_CONVERSION = YES;
				CLANG_WARN_NON_LITERAL_NULL_CONVERSION = YES;
				CLANG_WARN_OBJC_IMPLICIT_RETAIN_SELF = YES;
				CLANG_WARN_OBJC_LITERAL_CONVERSION = YES;
				CLANG_WARN_OBJC_ROOT_CLASS = YES_ERROR;
				CLANG_WARN_RANGE_LOOP_ANALYSIS = YES;
				CLANG_WARN_STRICT_PROTOTYPES = YES;
				CLANG_WARN_SUSPICIOUS_MOVE = YES;
				CLANG_WARN_UNREACHABLE_CODE = YES;
				CLANG_WARN__DUPLICATE_METHOD_MATCH = YES;
				"CODE_SIGN_IDENTITY[sdk=iphoneos*]" = "iPhone Developer";
				COPY_PHASE_STRIP = NO;
				DEBUG_INFORMATION_FORMAT = "dwarf-with-dsym";
				ENABLE_STRICT_OBJC_MSGSEND = YES;
				ENABLE_TESTABILITY = YES;
				GCC_C_LANGUAGE_STANDARD = gnu99;
				GCC_DYNAMIC_NO_PIC = NO;
				GCC_NO_COMMON_BLOCKS = YES;
				GCC_OPTIMIZATION_LEVEL = 0;
				GCC_PREPROCESSOR_DEFINITIONS = (
					"DEBUG=1",
					"$(inherited)",
				);
				GCC_SYMBOLS_PRIVATE_EXTERN = NO;
				GCC_WARN_64_TO_32_BIT_CONVERSION = YES;
				GCC_WARN_ABOUT_RETURN_TYPE = YES_ERROR;
				GCC_WARN_UNDECLARED_SELECTOR = YES;
				GCC_WARN_UNINITIALIZED_AUTOS = YES_AGGRESSIVE;
				GCC_WARN_UNUSED_FUNCTION = YES;
				GCC_WARN_UNUSED_VARIABLE = YES;
				IPHONEOS_DEPLOYMENT_TARGET = 12.0;
				MTL_ENABLE_DEBUG_INFO = YES;
				ONLY_ACTIVE_ARCH = YES;
				SDKROOT = iphoneos;
			};
			name = Debug;
		};
		DCC67EDC1B38A61D002E37DB /* Release */ = {
			isa = XCBuildConfiguration;
			buildSettings = {
				ALWAYS_SEARCH_USER_PATHS = NO;
				CLANG_CXX_LANGUAGE_STANDARD = "gnu++0x";
				CLANG_CXX_LIBRARY = "libc++";
				CLANG_ENABLE_MODULES = YES;
				CLANG_ENABLE_OBJC_ARC = YES;
				CLANG_WARN_BLOCK_CAPTURE_AUTORELEASING = YES;
				CLANG_WARN_BOOL_CONVERSION = YES;
				CLANG_WARN_COMMA = YES;
				CLANG_WARN_CONSTANT_CONVERSION = YES;
				CLANG_WARN_DEPRECATED_OBJC_IMPLEMENTATIONS = YES;
				CLANG_WARN_DIRECT_OBJC_ISA_USAGE = YES_ERROR;
				CLANG_WARN_EMPTY_BODY = YES;
				CLANG_WARN_ENUM_CONVERSION = YES;
				CLANG_WARN_INFINITE_RECURSION = YES;
				CLANG_WARN_INT_CONVERSION = YES;
				CLANG_WARN_NON_LITERAL_NULL_CONVERSION = YES;
				CLANG_WARN_OBJC_IMPLICIT_RETAIN_SELF = YES;
				CLANG_WARN_OBJC_LITERAL_CONVERSION = YES;
				CLANG_WARN_OBJC_ROOT_CLASS = YES_ERROR;
				CLANG_WARN_RANGE_LOOP_ANALYSIS = YES;
				CLANG_WARN_STRICT_PROTOTYPES = YES;
				CLANG_WARN_SUSPICIOUS_MOVE = YES;
				CLANG_WARN_UNREACHABLE_CODE = YES;
				CLANG_WARN__DUPLICATE_METHOD_MATCH = YES;
				"CODE_SIGN_IDENTITY[sdk=iphoneos*]" = "iPhone Developer";
				COPY_PHASE_STRIP = NO;
				DEBUG_INFORMATION_FORMAT = "dwarf-with-dsym";
				ENABLE_NS_ASSERTIONS = NO;
				ENABLE_STRICT_OBJC_MSGSEND = YES;
				GCC_C_LANGUAGE_STANDARD = gnu99;
				GCC_NO_COMMON_BLOCKS = YES;
				GCC_WARN_64_TO_32_BIT_CONVERSION = YES;
				GCC_WARN_ABOUT_RETURN_TYPE = YES_ERROR;
				GCC_WARN_UNDECLARED_SELECTOR = YES;
				GCC_WARN_UNINITIALIZED_AUTOS = YES_AGGRESSIVE;
				GCC_WARN_UNUSED_FUNCTION = YES;
				GCC_WARN_UNUSED_VARIABLE = YES;
				IPHONEOS_DEPLOYMENT_TARGET = 12.0;
				MTL_ENABLE_DEBUG_INFO = NO;
				SDKROOT = iphoneos;
				VALIDATE_PRODUCT = YES;
			};
			name = Release;
		};
		DCC67EDE1B38A61D002E37DB /* Debug */ = {
			isa = XCBuildConfiguration;
			buildSettings = {
				ASSETCATALOG_COMPILER_APPICON_NAME = AppIcon;
				INFOPLIST_FILE = "$(SRCROOT)/RadialMenu/Supporting Files/Info.plist";
				LD_RUNPATH_SEARCH_PATHS = "$(inherited) @executable_path/Frameworks";
				PRODUCT_BUNDLE_IDENTIFIER = com.bs.radialmenu;
				PRODUCT_NAME = "Radial Menu";
			};
			name = Debug;
		};
		DCC67EDF1B38A61D002E37DB /* Release */ = {
			isa = XCBuildConfiguration;
			buildSettings = {
				ASSETCATALOG_COMPILER_APPICON_NAME = AppIcon;
				INFOPLIST_FILE = "$(SRCROOT)/RadialMenu/Supporting Files/Info.plist";
				LD_RUNPATH_SEARCH_PATHS = "$(inherited) @executable_path/Frameworks";
				PRODUCT_BUNDLE_IDENTIFIER = com.bs.radialmenu;
				PRODUCT_NAME = "Radial Menu";
			};
			name = Release;
		};
/* End XCBuildConfiguration section */

/* Begin XCConfigurationList section */
		DCC67EB51B38A61D002E37DB /* Build configuration list for PBXProject "RadialMenu" */ = {
			isa = XCConfigurationList;
			buildConfigurations = (
				DCC67EDB1B38A61D002E37DB /* Debug */,
				DCC67EDC1B38A61D002E37DB /* Release */,
			);
			defaultConfigurationIsVisible = 0;
			defaultConfigurationName = Release;
		};
		DCC67EDD1B38A61D002E37DB /* Build configuration list for PBXNativeTarget "RadialMenu" */ = {
			isa = XCConfigurationList;
			buildConfigurations = (
				DCC67EDE1B38A61D002E37DB /* Debug */,
				DCC67EDF1B38A61D002E37DB /* Release */,
			);
			defaultConfigurationIsVisible = 0;
			defaultConfigurationName = Release;
		};
/* End XCConfigurationList section */
	};
	rootObject = DCC67EB21B38A61D002E37DB /* Project object */;
}
